# THIS IS AN AUTOGENERATED FILE. DO NOT EDIT THIS FILE DIRECTLY.
# yarn lockfile v1


"@narya-ai/contracts@^0.4.0":
  version "0.4.0"
  resolved "https://registry.yarnpkg.com/@narya-ai/contracts/-/contracts-0.4.0.tgz#afb64ab7100d052f4454dc8ccdc92d23f7b40c05"
  integrity sha512-kYiwS2bNcxVZwCr0vxS5C3Z5fIwNC+/rUIxias9eiorJdzL/yLk3yUkrwpQ+BvbP+o8TLEl4/Xaghrxijy1/IQ==

"@openzeppelin/contracts@^4.8.3":
  version "4.8.3"
  resolved "https://registry.yarnpkg.com/@openzeppelin/contracts/-/contracts-4.8.3.tgz#cbef3146bfc570849405f59cba18235da95a252a"
  integrity sha512-bQHV8R9Me8IaJoJ2vPG4rXcL7seB7YVuskr4f+f5RyOStSZetwzkWtoqDMl5erkBJy0lDRUnIR2WIkPiC0GJlg==
